
Microsoft Visual Studio Solution File, Format Version 12.00
# Visual Studio Version 17
VisualStudioVersion = 17.12.35527.113
MinimumVisualStudioVersion = 10.0.40219.1
Project("{2150E333-8FDC-42A3-9474-1A3956D46DE8}") = "Bootstrapper", "Bootstrapper", "{76267670-19EF-4483-86A5-8A57E29681AD}"
EndProject
Project("{2150E333-8FDC-42A3-9474-1A3956D46DE8}") = "Modules", "Modules", "{3AEEBB01-0560-43AA-AF83-8A4C1CCCDA1F}"
EndProject
Project("{2150E333-8FDC-42A3-9474-1A3956D46DE8}") = "Shared", "Shared", "{BE9B9BB5-5D9D-4BFC-A6DC-7DED954D6607}"
EndProject
Project("{FAE04EC0-301F-11D3-BF4B-00C04F79EFBC}") = "API", "Bootstrapper\API\API.csproj", "{A32BCDFF-D940-4C76-98D7-EA8C0B75D9E6}"
EndProject
Project("{2150E333-8FDC-42A3-9474-1A3956D46DE8}") = "Basket", "Basket", "{E784FEA2-0E44-42BB-8318-D59D48E7B813}"
EndProject
Project("{2150E333-8FDC-42A3-9474-1A3956D46DE8}") = "Catalog", "Catalog", "{BC3D5644-29BA-4857-983B-FDD00469CB76}"
EndProject
Project("{2150E333-8FDC-42A3-9474-1A3956D46DE8}") = "Ordering", "Ordering", "{31508A5C-643B-48C9-8165-FC6F04EAEC24}"
EndProject
Project("{FAE04EC0-301F-11D3-BF4B-00C04F79EFBC}") = "Catalog", "Modules\Catalog\Catalog\Catalog.csproj", "{64F0E245-634D-4319-A155-EE7706C2E211}"
EndProject
Project("{FAE04EC0-301F-11D3-BF4B-00C04F79EFBC}") = "Basket", "Modules\Basket\Basket\Basket.csproj", "{7F79BF1E-B86B-4893-9D44-BDB5D99D2406}"
EndProject
Project("{FAE04EC0-301F-11D3-BF4B-00C04F79EFBC}") = "Ordering", "Modules\Ordering\Ordering\Ordering.csproj", "{017DADA3-B36C-4177-AF76-ED27FA650A44}"
EndProject
Project("{FAE04EC0-301F-11D3-BF4B-00C04F79EFBC}") = "Shared", "Shared\Shared\Shared.csproj", "{09546624-5FE6-4183-AC1C-E4882D7351D1}"
EndProject
Global
	GlobalSection(SolutionConfigurationPlatforms) = preSolution
		Debug|Any CPU = Debug|Any CPU
		Release|Any CPU = Release|Any CPU
	EndGlobalSection
	GlobalSection(ProjectConfigurationPlatforms) = postSolution
		{A32BCDFF-D940-4C76-98D7-EA8C0B75D9E6}.Debug|Any CPU.ActiveCfg = Debug|Any CPU
		{A32BCDFF-D940-4C76-98D7-EA8C0B75D9E6}.Debug|Any CPU.Build.0 = Debug|Any CPU
		{A32BCDFF-D940-4C76-98D7-EA8C0B75D9E6}.Release|Any CPU.ActiveCfg = Release|Any CPU
		{A32BCDFF-D940-4C76-98D7-EA8C0B75D9E6}.Release|Any CPU.Build.0 = Release|Any CPU
		{64F0E245-634D-4319-A155-EE7706C2E211}.Debug|Any CPU.ActiveCfg = Debug|Any CPU
		{64F0E245-634D-4319-A155-EE7706C2E211}.Debug|Any CPU.Build.0 = Debug|Any CPU
		{64F0E245-634D-4319-A155-EE7706C2E211}.Release|Any CPU.ActiveCfg = Release|Any CPU
		{64F0E245-634D-4319-A155-EE7706C2E211}.Release|Any CPU.Build.0 = Release|Any CPU
		{7F79BF1E-B86B-4893-9D44-BDB5D99D2406}.Debug|Any CPU.ActiveCfg = Debug|Any CPU
		{7F79BF1E-B86B-4893-9D44-BDB5D99D2406}.Debug|Any CPU.Build.0 = Debug|Any CPU
		{7F79BF1E-B86B-4893-9D44-BDB5D99D2406}.Release|Any CPU.ActiveCfg = Release|Any CPU
		{7F79BF1E-B86B-4893-9D44-BDB5D99D2406}.Release|Any CPU.Build.0 = Release|Any CPU
		{017DADA3-B36C-4177-AF76-ED27FA650A44}.Debug|Any CPU.ActiveCfg = Debug|Any CPU
		{017DADA3-B36C-4177-AF76-ED27FA650A44}.Debug|Any CPU.Build.0 = Debug|Any CPU
		{017DADA3-B36C-4177-AF76-ED27FA650A44}.Release|Any CPU.ActiveCfg = Release|Any CPU
		{017DADA3-B36C-4177-AF76-ED27FA650A44}.Release|Any CPU.Build.0 = Release|Any CPU
		{09546624-5FE6-4183-AC1C-E4882D7351D1}.Debug|Any CPU.ActiveCfg = Debug|Any CPU
		{09546624-5FE6-4183-AC1C-E4882D7351D1}.Debug|Any CPU.Build.0 = Debug|Any CPU
		{09546624-5FE6-4183-AC1C-E4882D7351D1}.Release|Any CPU.ActiveCfg = Release|Any CPU
		{09546624-5FE6-4183-AC1C-E4882D7351D1}.Release|Any CPU.Build.0 = Release|Any CPU
	EndGlobalSection
	GlobalSection(SolutionProperties) = preSolution
		HideSolutionNode = FALSE
	EndGlobalSection
	GlobalSection(NestedProjects) = preSolution
		{A32BCDFF-D940-4C76-98D7-EA8C0B75D9E6} = {76267670-19EF-4483-86A5-8A57E29681AD}
		{E784FEA2-0E44-42BB-8318-D59D48E7B813} = {3AEEBB01-0560-43AA-AF83-8A4C1CCCDA1F}
		{BC3D5644-29BA-4857-983B-FDD00469CB76} = {3AEEBB01-0560-43AA-AF83-8A4C1CCCDA1F}
		{31508A5C-643B-48C9-8165-FC6F04EAEC24} = {3AEEBB01-0560-43AA-AF83-8A4C1CCCDA1F}
		{64F0E245-634D-4319-A155-EE7706C2E211} = {BC3D5644-29BA-4857-983B-FDD00469CB76}
		{7F79BF1E-B86B-4893-9D44-BDB5D99D2406} = {E784FEA2-0E44-42BB-8318-D59D48E7B813}
		{017DADA3-B36C-4177-AF76-ED27FA650A44} = {31508A5C-643B-48C9-8165-FC6F04EAEC24}
		{09546624-5FE6-4183-AC1C-E4882D7351D1} = {BE9B9BB5-5D9D-4BFC-A6DC-7DED954D6607}
	EndGlobalSection
EndGlobal
